// !$*UTF8*$!
{
	archiveVersion = 1;
	classes = {
	};
	objectVersion = 48;
	objects = {

/* Begin PBXBuildFile section */
		6326A5C81FBC864D00487122 /* AppDelegate.swift in Sources */ = {isa = PBXBuildFile; fileRef = 6326A5C71FBC864D00487122 /* AppDelegate.swift */; };
		6326A5CF1FBC864D00487122 /* Assets.xcassets in Resources */ = {isa = PBXBuildFile; fileRef = 6326A5CE1FBC864D00487122 /* Assets.xcassets */; };
		6326A5D21FBC864D00487122 /* LaunchScreen.storyboard in Resources */ = {isa = PBXBuildFile; fileRef = 6326A5D01FBC864D00487122 /* LaunchScreen.storyboard */; };
		6326A5DC1FBC869E00487122 /* MVCViewController.swift in Sources */ = {isa = PBXBuildFile; fileRef = 6326A5DB1FBC869E00487122 /* MVCViewController.swift */; };
		6326A5E81FBC870300487122 /* CameraBuilder.swift in Sources */ = {isa = PBXBuildFile; fileRef = 6326A5E11FBC870300487122 /* CameraBuilder.swift */; };
		6326A5E91FBC870300487122 /* CameraModel.swift in Sources */ = {isa = PBXBuildFile; fileRef = 6326A5E21FBC870300487122 /* CameraModel.swift */; };
		6326A5EA1FBC870300487122 /* CameraRouter.swift in Sources */ = {isa = PBXBuildFile; fileRef = 6326A5E31FBC870300487122 /* CameraRouter.swift */; };
		6326A5EB1FBC870300487122 /* CameraViewController.swift in Sources */ = {isa = PBXBuildFile; fileRef = 6326A5E41FBC870300487122 /* CameraViewController.swift */; };
		6326A5EC1FBC870300487122 /* CameraView.swift in Sources */ = {isa = PBXBuildFile; fileRef = 6326A5E61FBC870300487122 /* CameraView.swift */; };
		6326A5ED1FBC870300487122 /* CameraView.xib in Resources */ = {isa = PBXBuildFile; fileRef = 6326A5E71FBC870300487122 /* CameraView.xib */; };
		6326A5F91FBC877100487122 /* Cone.swift in Sources */ = {isa = PBXBuildFile; fileRef = 6326A5EF1FBC877000487122 /* Cone.swift */; };
		6326A5FA1FBC877100487122 /* Torus.swift in Sources */ = {isa = PBXBuildFile; fileRef = 6326A5F01FBC877000487122 /* Torus.swift */; };
		6326A5FB1FBC877100487122 /* Tube.swift in Sources */ = {isa = PBXBuildFile; fileRef = 6326A5F11FBC877000487122 /* Tube.swift */; };
		6326A5FC1FBC877100487122 /* VirtualObject.swift in Sources */ = {isa = PBXBuildFile; fileRef = 6326A5F21FBC877000487122 /* VirtualObject.swift */; };
		6326A5FD1FBC877100487122 /* Cube.swift in Sources */ = {isa = PBXBuildFile; fileRef = 6326A5F31FBC877100487122 /* Cube.swift */; };
		6326A5FE1FBC877100487122 /* Cylinder.swift in Sources */ = {isa = PBXBuildFile; fileRef = 6326A5F41FBC877100487122 /* Cylinder.swift */; };
		6326A5FF1FBC877100487122 /* Geosphere.swift in Sources */ = {isa = PBXBuildFile; fileRef = 6326A5F51FBC877100487122 /* Geosphere.swift */; };
		6326A6001FBC877100487122 /* Sphere.swift in Sources */ = {isa = PBXBuildFile; fileRef = 6326A5F61FBC877100487122 /* Sphere.swift */; };
		6326A6011FBC877100487122 /* Pyramid.swift in Sources */ = {isa = PBXBuildFile; fileRef = 6326A5F71FBC877100487122 /* Pyramid.swift */; };
		6326A6021FBC877100487122 /* Capsule.swift in Sources */ = {isa = PBXBuildFile; fileRef = 6326A5F81FBC877100487122 /* Capsule.swift */; };
		6326A6091FBC880600487122 /* HitTestVisualization.swift in Sources */ = {isa = PBXBuildFile; fileRef = 6326A6071FBC880600487122 /* HitTestVisualization.swift */; };
		6326A60A1FBC880600487122 /* Gesture.swift in Sources */ = {isa = PBXBuildFile; fileRef = 6326A6081FBC880600487122 /* Gesture.swift */; };
		6328DAA01FCC4B73009A4D42 /* SettingsBuilder.swift in Sources */ = {isa = PBXBuildFile; fileRef = 6328DA991FCC4B72009A4D42 /* SettingsBuilder.swift */; };
		6328DAA11FCC4B73009A4D42 /* SettingsViewController.swift in Sources */ = {isa = PBXBuildFile; fileRef = 6328DA9A1FCC4B73009A4D42 /* SettingsViewController.swift */; };
		6328DAA21FCC4B73009A4D42 /* SettingsView.swift in Sources */ = {isa = PBXBuildFile; fileRef = 6328DA9C1FCC4B73009A4D42 /* SettingsView.swift */; };
		6328DAA31FCC4B73009A4D42 /* SettingsView.xib in Resources */ = {isa = PBXBuildFile; fileRef = 6328DA9D1FCC4B73009A4D42 /* SettingsView.xib */; };
		6328DAA41FCC4B73009A4D42 /* SettingsRouter.swift in Sources */ = {isa = PBXBuildFile; fileRef = 6328DA9E1FCC4B73009A4D42 /* SettingsRouter.swift */; };
		6328DAA51FCC4B73009A4D42 /* SettingsModel.swift in Sources */ = {isa = PBXBuildFile; fileRef = 6328DA9F1FCC4B73009A4D42 /* SettingsModel.swift */; };
		6328DAB51FCC7171009A4D42 /* TutorialTableViewCell.swift in Sources */ = {isa = PBXBuildFile; fileRef = 6328DAAB1FCC7171009A4D42 /* TutorialTableViewCell.swift */; };
		6328DAB61FCC7171009A4D42 /* TutorialTableViewCell.xib in Resources */ = {isa = PBXBuildFile; fileRef = 6328DAAC1FCC7171009A4D42 /* TutorialTableViewCell.xib */; };
		6328DAB71FCC7171009A4D42 /* TutorialDataSource.swift in Sources */ = {isa = PBXBuildFile; fileRef = 6328DAAD1FCC7171009A4D42 /* TutorialDataSource.swift */; };
		6328DAB81FCC7171009A4D42 /* TutorialBuilder.swift in Sources */ = {isa = PBXBuildFile; fileRef = 6328DAAE1FCC7171009A4D42 /* TutorialBuilder.swift */; };
		6328DAB91FCC7171009A4D42 /* TutorialModel.swift in Sources */ = {isa = PBXBuildFile; fileRef = 6328DAAF1FCC7171009A4D42 /* TutorialModel.swift */; };
		6328DABA1FCC7171009A4D42 /* TutorialRouter.swift in Sources */ = {isa = PBXBuildFile; fileRef = 6328DAB01FCC7171009A4D42 /* TutorialRouter.swift */; };
		6328DABB1FCC7171009A4D42 /* TutorialViewController.swift in Sources */ = {isa = PBXBuildFile; fileRef = 6328DAB11FCC7171009A4D42 /* TutorialViewController.swift */; };
		6328DABC1FCC7171009A4D42 /* TutorialView.swift in Sources */ = {isa = PBXBuildFile; fileRef = 6328DAB31FCC7171009A4D42 /* TutorialView.swift */; };
		6328DABD1FCC7171009A4D42 /* TutorialView.xib in Resources */ = {isa = PBXBuildFile; fileRef = 6328DAB41FCC7171009A4D42 /* TutorialView.xib */; };
		632C792C1FD041B5000E7D07 /* UserDefaults+Common.swift in Sources */ = {isa = PBXBuildFile; fileRef = 632C792B1FD041B5000E7D07 /* UserDefaults+Common.swift */; };
		632C792E1FD041DA000E7D07 /* Collections+Common.swift in Sources */ = {isa = PBXBuildFile; fileRef = 632C792D1FD041DA000E7D07 /* Collections+Common.swift */; };
		632C79301FD0439F000E7D07 /* SCNNode+Common.swift in Sources */ = {isa = PBXBuildFile; fileRef = 632C792F1FD0439F000E7D07 /* SCNNode+Common.swift */; };
		632C79321FD043C0000E7D07 /* SCNVector3+Common.swift in Sources */ = {isa = PBXBuildFile; fileRef = 632C79311FD043C0000E7D07 /* SCNVector3+Common.swift */; };
		632C79341FD043E5000E7D07 /* SCNMaterial+Common.swift in Sources */ = {isa = PBXBuildFile; fileRef = 632C79331FD043E5000E7D07 /* SCNMaterial+Common.swift */; };
		632C79361FD04461000E7D07 /* ARSCNView+Common.swift in Sources */ = {isa = PBXBuildFile; fileRef = 632C79351FD04461000E7D07 /* ARSCNView+Common.swift */; };
		632C79381FD044B9000E7D07 /* CGPoint+Common.swift in Sources */ = {isa = PBXBuildFile; fileRef = 632C79371FD044B9000E7D07 /* CGPoint+Common.swift */; };
		635A8F401FC83B9800E81978 /* AddObjectViewController.swift in Sources */ = {isa = PBXBuildFile; fileRef = 635A8F3F1FC83B9800E81978 /* AddObjectViewController.swift */; };
		63DFCCEF1FCD705300882179 /* plane_grid.png in Resources */ = {isa = PBXBuildFile; fileRef = 63DFCCEC1FCD705300882179 /* plane_grid.png */; };
		63DFCCF01FCD705300882179 /* crosshair_blue.png in Resources */ = {isa = PBXBuildFile; fileRef = 63DFCCED1FCD705300882179 /* crosshair_blue.png */; };
		63DFCCF11FCD705300882179 /* crosshair_yellow.png in Resources */ = {isa = PBXBuildFile; fileRef = 63DFCCEE1FCD705300882179 /* crosshair_yellow.png */; };
/* End PBXBuildFile section */

/* Begin PBXFileReference section */
		6326A5C41FBC864D00487122 /* PlaceObject.app */ = {isa = PBXFileReference; explicitFileType = wrapper.application; includeInIndex = 0; path = PlaceObject.app; sourceTree = BUILT_PRODUCTS_DIR; };
		6326A5C71FBC864D00487122 /* AppDelegate.swift */ = {isa = PBXFileReference; lastKnownFileType = sourcecode.swift; path = AppDelegate.swift; sourceTree = "<group>"; };
		6326A5CE1FBC864D00487122 /* Assets.xcassets */ = {isa = PBXFileReference; lastKnownFileType = folder.assetcatalog; path = Assets.xcassets; sourceTree = "<group>"; };
		6326A5D11FBC864D00487122 /* Base */ = {isa = PBXFileReference; lastKnownFileType = file.storyboard; name = Base; path = Base.lproj/LaunchScreen.storyboard; sourceTree = "<group>"; };
		6326A5D31FBC864D00487122 /* Info.plist */ = {isa = PBXFileReference; lastKnownFileType = text.plist.xml; path = Info.plist; sourceTree = "<group>"; };
		6326A5DB1FBC869E00487122 /* MVCViewController.swift */ = {isa = PBXFileReference; fileEncoding = 4; lastKnownFileType = sourcecode.swift; path = MVCViewController.swift; sourceTree = "<group>"; };
		6326A5E11FBC870300487122 /* CameraBuilder.swift */ = {isa = PBXFileReference; fileEncoding = 4; lastKnownFileType = sourcecode.swift; path = CameraBuilder.swift; sourceTree = "<group>"; };
		6326A5E21FBC870300487122 /* CameraModel.swift */ = {isa = PBXFileReference; fileEncoding = 4; lastKnownFileType = sourcecode.swift; path = CameraModel.swift; sourceTree = "<group>"; };
		6326A5E31FBC870300487122 /* CameraRouter.swift */ = {isa = PBXFileReference; fileEncoding = 4; lastKnownFileType = sourcecode.swift; path = CameraRouter.swift; sourceTree = "<group>"; };
		6326A5E41FBC870300487122 /* CameraViewController.swift */ = {isa = PBXFileReference; fileEncoding = 4; lastKnownFileType = sourcecode.swift; path = CameraViewController.swift; sourceTree = "<group>"; };
		6326A5E61FBC870300487122 /* CameraView.swift */ = {isa = PBXFileReference; fileEncoding = 4; lastKnownFileType = sourcecode.swift; path = CameraView.swift; sourceTree = "<group>"; };
		6326A5E71FBC870300487122 /* CameraView.xib */ = {isa = PBXFileReference; fileEncoding = 4; lastKnownFileType = file.xib; path = CameraView.xib; sourceTree = "<group>"; };
		6326A5EF1FBC877000487122 /* Cone.swift */ = {isa = PBXFileReference; fileEncoding = 4; lastKnownFileType = sourcecode.swift; path = Cone.swift; sourceTree = "<group>"; };
		6326A5F01FBC877000487122 /* Torus.swift */ = {isa = PBXFileReference; fileEncoding = 4; lastKnownFileType = sourcecode.swift; path = Torus.swift; sourceTree = "<group>"; };
		6326A5F11FBC877000487122 /* Tube.swift */ = {isa = PBXFileReference; fileEncoding = 4; lastKnownFileType = sourcecode.swift; path = Tube.swift; sourceTree = "<group>"; };
		6326A5F21FBC877000487122 /* VirtualObject.swift */ = {isa = PBXFileReference; fileEncoding = 4; lastKnownFileType = sourcecode.swift; path = VirtualObject.swift; sourceTree = "<group>"; };
		6326A5F31FBC877100487122 /* Cube.swift */ = {isa = PBXFileReference; fileEncoding = 4; lastKnownFileType = sourcecode.swift; path = Cube.swift; sourceTree = "<group>"; };
		6326A5F41FBC877100487122 /* Cylinder.swift */ = {isa = PBXFileReference; fileEncoding = 4; lastKnownFileType = sourcecode.swift; path = Cylinder.swift; sourceTree = "<group>"; };
		6326A5F51FBC877100487122 /* Geosphere.swift */ = {isa = PBXFileReference; fileEncoding = 4; lastKnownFileType = sourcecode.swift; path = Geosphere.swift; sourceTree = "<group>"; };
		6326A5F61FBC877100487122 /* Sphere.swift */ = {isa = PBXFileReference; fileEncoding = 4; lastKnownFileType = sourcecode.swift; path = Sphere.swift; sourceTree = "<group>"; };
		6326A5F71FBC877100487122 /* Pyramid.swift */ = {isa = PBXFileReference; fileEncoding = 4; lastKnownFileType = sourcecode.swift; path = Pyramid.swift; sourceTree = "<group>"; };
		6326A5F81FBC877100487122 /* Capsule.swift */ = {isa = PBXFileReference; fileEncoding = 4; lastKnownFileType = sourcecode.swift; path = Capsule.swift; sourceTree = "<group>"; };
		6326A6071FBC880600487122 /* HitTestVisualization.swift */ = {isa = PBXFileReference; fileEncoding = 4; lastKnownFileType = sourcecode.swift; path = HitTestVisualization.swift; sourceTree = "<group>"; };
		6326A6081FBC880600487122 /* Gesture.swift */ = {isa = PBXFileReference; fileEncoding = 4; lastKnownFileType = sourcecode.swift; path = Gesture.swift; sourceTree = "<group>"; };
		6328DA991FCC4B72009A4D42 /* SettingsBuilder.swift */ = {isa = PBXFileReference; fileEncoding = 4; lastKnownFileType = sourcecode.swift; path = SettingsBuilder.swift; sourceTree = "<group>"; };
		6328DA9A1FCC4B73009A4D42 /* SettingsViewController.swift */ = {isa = PBXFileReference; fileEncoding = 4; lastKnownFileType = sourcecode.swift; path = SettingsViewController.swift; sourceTree = "<group>"; };
		6328DA9C1FCC4B73009A4D42 /* SettingsView.swift */ = {isa = PBXFileReference; fileEncoding = 4; lastKnownFileType = sourcecode.swift; path = SettingsView.swift; sourceTree = "<group>"; };
		6328DA9D1FCC4B73009A4D42 /* SettingsView.xib */ = {isa = PBXFileReference; fileEncoding = 4; lastKnownFileType = file.xib; path = SettingsView.xib; sourceTree = "<group>"; };
		6328DA9E1FCC4B73009A4D42 /* SettingsRouter.swift */ = {isa = PBXFileReference; fileEncoding = 4; lastKnownFileType = sourcecode.swift; path = SettingsRouter.swift; sourceTree = "<group>"; };
		6328DA9F1FCC4B73009A4D42 /* SettingsModel.swift */ = {isa = PBXFileReference; fileEncoding = 4; lastKnownFileType = sourcecode.swift; path = SettingsModel.swift; sourceTree = "<group>"; };
		6328DAAB1FCC7171009A4D42 /* TutorialTableViewCell.swift */ = {isa = PBXFileReference; fileEncoding = 4; lastKnownFileType = sourcecode.swift; path = TutorialTableViewCell.swift; sourceTree = "<group>"; };
		6328DAAC1FCC7171009A4D42 /* TutorialTableViewCell.xib */ = {isa = PBXFileReference; fileEncoding = 4; lastKnownFileType = file.xib; path = TutorialTableViewCell.xib; sourceTree = "<group>"; };
		6328DAAD1FCC7171009A4D42 /* TutorialDataSource.swift */ = {isa = PBXFileReference; fileEncoding = 4; lastKnownFileType = sourcecode.swift; path = TutorialDataSource.swift; sourceTree = "<group>"; };
		6328DAAE1FCC7171009A4D42 /* TutorialBuilder.swift */ = {isa = PBXFileReference; fileEncoding = 4; lastKnownFileType = sourcecode.swift; path = TutorialBuilder.swift; sourceTree = "<group>"; };
		6328DAAF1FCC7171009A4D42 /* TutorialModel.swift */ = {isa = PBXFileReference; fileEncoding = 4; lastKnownFileType = sourcecode.swift; path = TutorialModel.swift; sourceTree = "<group>"; };
		6328DAB01FCC7171009A4D42 /* TutorialRouter.swift */ = {isa = PBXFileReference; fileEncoding = 4; lastKnownFileType = sourcecode.swift; path = TutorialRouter.swift; sourceTree = "<group>"; };
		6328DAB11FCC7171009A4D42 /* TutorialViewController.swift */ = {isa = PBXFileReference; fileEncoding = 4; lastKnownFileType = sourcecode.swift; path = TutorialViewController.swift; sourceTree = "<group>"; };
		6328DAB31FCC7171009A4D42 /* TutorialView.swift */ = {isa = PBXFileReference; fileEncoding = 4; lastKnownFileType = sourcecode.swift; path = TutorialView.swift; sourceTree = "<group>"; };
		6328DAB41FCC7171009A4D42 /* TutorialView.xib */ = {isa = PBXFileReference; fileEncoding = 4; lastKnownFileType = file.xib; path = TutorialView.xib; sourceTree = "<group>"; };
		632C792B1FD041B5000E7D07 /* UserDefaults+Common.swift */ = {isa = PBXFileReference; lastKnownFileType = sourcecode.swift; path = "UserDefaults+Common.swift"; sourceTree = "<group>"; };
		632C792D1FD041DA000E7D07 /* Collections+Common.swift */ = {isa = PBXFileReference; lastKnownFileType = sourcecode.swift; path = "Collections+Common.swift"; sourceTree = "<group>"; };
		632C792F1FD0439F000E7D07 /* SCNNode+Common.swift */ = {isa = PBXFileReference; lastKnownFileType = sourcecode.swift; path = "SCNNode+Common.swift"; sourceTree = "<group>"; };
		632C79311FD043C0000E7D07 /* SCNVector3+Common.swift */ = {isa = PBXFileReference; lastKnownFileType = sourcecode.swift; path = "SCNVector3+Common.swift"; sourceTree = "<group>"; };
		632C79331FD043E5000E7D07 /* SCNMaterial+Common.swift */ = {isa = PBXFileReference; lastKnownFileType = sourcecode.swift; path = "SCNMaterial+Common.swift"; sourceTree = "<group>"; };
		632C79351FD04461000E7D07 /* ARSCNView+Common.swift */ = {isa = PBXFileReference; lastKnownFileType = sourcecode.swift; path = "ARSCNView+Common.swift"; sourceTree = "<group>"; };
		632C79371FD044B9000E7D07 /* CGPoint+Common.swift */ = {isa = PBXFileReference; lastKnownFileType = sourcecode.swift; path = "CGPoint+Common.swift"; sourceTree = "<group>"; };
		635A8F3F1FC83B9800E81978 /* AddObjectViewController.swift */ = {isa = PBXFileReference; fileEncoding = 4; lastKnownFileType = sourcecode.swift; path = AddObjectViewController.swift; sourceTree = "<group>"; };
		63DFCCEC1FCD705300882179 /* plane_grid.png */ = {isa = PBXFileReference; lastKnownFileType = image.png; path = plane_grid.png; sourceTree = "<group>"; };
		63DFCCED1FCD705300882179 /* crosshair_blue.png */ = {isa = PBXFileReference; lastKnownFileType = image.png; path = crosshair_blue.png; sourceTree = "<group>"; };
		63DFCCEE1FCD705300882179 /* crosshair_yellow.png */ = {isa = PBXFileReference; lastKnownFileType = image.png; path = crosshair_yellow.png; sourceTree = "<group>"; };
/* End PBXFileReference section */

/* Begin PBXFrameworksBuildPhase section */
		6326A5C11FBC864D00487122 /* Frameworks */ = {
			isa = PBXFrameworksBuildPhase;
			buildActionMask = 2147483647;
			files = (
			);
			runOnlyForDeploymentPostprocessing = 0;
		};
/* End PBXFrameworksBuildPhase section */

/* Begin PBXGroup section */
		6326A5BB1FBC864D00487122 = {
			isa = PBXGroup;
			children = (
				6326A5C61FBC864D00487122 /* PlaceObject */,
				6326A5C51FBC864D00487122 /* Products */,
			);
			sourceTree = "<group>";
		};
		6326A5C51FBC864D00487122 /* Products */ = {
			isa = PBXGroup;
			children = (
				6326A5C41FBC864D00487122 /* PlaceObject.app */,
			);
			name = Products;
			sourceTree = "<group>";
		};
		6326A5C61FBC864D00487122 /* PlaceObject */ = {
			isa = PBXGroup;
			children = (
				632C792A1FD0417A000E7D07 /* Categories */,
				63DFCCEB1FCD700B00882179 /* Resourses */,
				6326A6061FBC87FA00487122 /* UI Elements */,
				6326A5EE1FBC875D00487122 /* Models */,
				6326A5DA1FBC868700487122 /* Modules */,
				6326A5C71FBC864D00487122 /* AppDelegate.swift */,
				6326A5CE1FBC864D00487122 /* Assets.xcassets */,
				6326A5D01FBC864D00487122 /* LaunchScreen.storyboard */,
				6326A5D31FBC864D00487122 /* Info.plist */,
			);
			path = PlaceObject;
			sourceTree = "<group>";
		};
		6326A5D91FBC868100487122 /* Base */ = {
			isa = PBXGroup;
			children = (
				6326A5DB1FBC869E00487122 /* MVCViewController.swift */,
			);
			path = Base;
			sourceTree = "<group>";
		};
		6326A5DA1FBC868700487122 /* Modules */ = {
			isa = PBXGroup;
			children = (
				6326A5D91FBC868100487122 /* Base */,
				6328DAA81FCC7171009A4D42 /* Tutorial */,
				635A8F411FC83DC600E81978 /* AddNewObject */,
				6326A5E01FBC870300487122 /* Camera */,
				6326A61E1FBC889600487122 /* Settings */,
			);
			path = Modules;
			sourceTree = "<group>";
		};
		6326A5E01FBC870300487122 /* Camera */ = {
			isa = PBXGroup;
			children = (
				6326A5E11FBC870300487122 /* CameraBuilder.swift */,
				6326A5E21FBC870300487122 /* CameraModel.swift */,
				6326A5E31FBC870300487122 /* CameraRouter.swift */,
				6326A5E41FBC870300487122 /* CameraViewController.swift */,
				6326A5E51FBC870300487122 /* View */,
			);
			path = Camera;
			sourceTree = "<group>";
		};
		6326A5E51FBC870300487122 /* View */ = {
			isa = PBXGroup;
			children = (
				6326A5E61FBC870300487122 /* CameraView.swift */,
				6326A5E71FBC870300487122 /* CameraView.xib */,
			);
			path = View;
			sourceTree = "<group>";
		};
		6326A5EE1FBC875D00487122 /* Models */ = {
			isa = PBXGroup;
			children = (
				6326A5F81FBC877100487122 /* Capsule.swift */,
				6326A5EF1FBC877000487122 /* Cone.swift */,
				6326A5F31FBC877100487122 /* Cube.swift */,
				6326A5F41FBC877100487122 /* Cylinder.swift */,
				6326A5F51FBC877100487122 /* Geosphere.swift */,
				6326A5F71FBC877100487122 /* Pyramid.swift */,
				6326A5F61FBC877100487122 /* Sphere.swift */,
				6326A5F01FBC877000487122 /* Torus.swift */,
				6326A5F11FBC877000487122 /* Tube.swift */,
				6326A5F21FBC877000487122 /* VirtualObject.swift */,
			);
			path = Models;
			sourceTree = "<group>";
		};
		6326A6061FBC87FA00487122 /* UI Elements */ = {
			isa = PBXGroup;
			children = (
				6326A6081FBC880600487122 /* Gesture.swift */,
				6326A6071FBC880600487122 /* HitTestVisualization.swift */,
			);
			path = "UI Elements";
			sourceTree = "<group>";
		};
		6326A61E1FBC889600487122 /* Settings */ = {
			isa = PBXGroup;
			children = (
				6328DA991FCC4B72009A4D42 /* SettingsBuilder.swift */,
				6328DA9F1FCC4B73009A4D42 /* SettingsModel.swift */,
				6328DA9E1FCC4B73009A4D42 /* SettingsRouter.swift */,
				6328DA9A1FCC4B73009A4D42 /* SettingsViewController.swift */,
				6328DA9B1FCC4B73009A4D42 /* View */,
			);
			path = Settings;
			sourceTree = "<group>";
		};
		6328DA9B1FCC4B73009A4D42 /* View */ = {
			isa = PBXGroup;
			children = (
				6328DA9C1FCC4B73009A4D42 /* SettingsView.swift */,
				6328DA9D1FCC4B73009A4D42 /* SettingsView.xib */,
			);
			path = View;
			sourceTree = "<group>";
		};
		6328DAA81FCC7171009A4D42 /* Tutorial */ = {
			isa = PBXGroup;
			children = (
				6328DAA91FCC7171009A4D42 /* TableView */,
				6328DAAE1FCC7171009A4D42 /* TutorialBuilder.swift */,
				6328DAAF1FCC7171009A4D42 /* TutorialModel.swift */,
				6328DAB01FCC7171009A4D42 /* TutorialRouter.swift */,
				6328DAB11FCC7171009A4D42 /* TutorialViewController.swift */,
				6328DAB21FCC7171009A4D42 /* View */,
			);
			path = Tutorial;
			sourceTree = "<group>";
		};
		6328DAA91FCC7171009A4D42 /* TableView */ = {
			isa = PBXGroup;
			children = (
				6328DAAA1FCC7171009A4D42 /* Cells */,
				6328DAAD1FCC7171009A4D42 /* TutorialDataSource.swift */,
			);
			path = TableView;
			sourceTree = "<group>";
		};
		6328DAAA1FCC7171009A4D42 /* Cells */ = {
			isa = PBXGroup;
			children = (
				6328DAAB1FCC7171009A4D42 /* TutorialTableViewCell.swift */,
				6328DAAC1FCC7171009A4D42 /* TutorialTableViewCell.xib */,
			);
			path = Cells;
			sourceTree = "<group>";
		};
		6328DAB21FCC7171009A4D42 /* View */ = {
			isa = PBXGroup;
			children = (
				6328DAB31FCC7171009A4D42 /* TutorialView.swift */,
				6328DAB41FCC7171009A4D42 /* TutorialView.xib */,
			);
			path = View;
			sourceTree = "<group>";
		};
		632C792A1FD0417A000E7D07 /* Categories */ = {
			isa = PBXGroup;
			children = (
				632C792B1FD041B5000E7D07 /* UserDefaults+Common.swift */,
				632C792D1FD041DA000E7D07 /* Collections+Common.swift */,
				632C792F1FD0439F000E7D07 /* SCNNode+Common.swift */,
				632C79311FD043C0000E7D07 /* SCNVector3+Common.swift */,
				632C79331FD043E5000E7D07 /* SCNMaterial+Common.swift */,
				632C79351FD04461000E7D07 /* ARSCNView+Common.swift */,
				632C79371FD044B9000E7D07 /* CGPoint+Common.swift */,
			);
			path = Categories;
			sourceTree = "<group>";
		};
		635A8F411FC83DC600E81978 /* AddNewObject */ = {
			isa = PBXGroup;
			children = (
				635A8F3F1FC83B9800E81978 /* AddObjectViewController.swift */,
			);
			path = AddNewObject;
			sourceTree = "<group>";
		};
		63DFCCEB1FCD700B00882179 /* Resourses */ = {
			isa = PBXGroup;
			children = (
				63DFCCED1FCD705300882179 /* crosshair_blue.png */,
				63DFCCEE1FCD705300882179 /* crosshair_yellow.png */,
				63DFCCEC1FCD705300882179 /* plane_grid.png */,
			);
			path = Resourses;
			sourceTree = "<group>";
		};
/* End PBXGroup section */

/* Begin PBXNativeTarget section */
		6326A5C31FBC864D00487122 /* PlaceObject */ = {
			isa = PBXNativeTarget;
			buildConfigurationList = 6326A5D61FBC864D00487122 /* Build configuration list for PBXNativeTarget "PlaceObject" */;
			buildPhases = (
				6326A5C01FBC864D00487122 /* Sources */,
				6326A5C11FBC864D00487122 /* Frameworks */,
				6326A5C21FBC864D00487122 /* Resources */,
			);
			buildRules = (
			);
			dependencies = (
			);
			name = PlaceObject;
			productName = PlaceObject;
			productReference = 6326A5C41FBC864D00487122 /* PlaceObject.app */;
			productType = "com.apple.product-type.application";
		};
/* End PBXNativeTarget section */

/* Begin PBXProject section */
		6326A5BC1FBC864D00487122 /* Project object */ = {
			isa = PBXProject;
			attributes = {
				LastSwiftUpdateCheck = 0910;
				LastUpgradeCheck = 0910;
				ORGANIZATIONNAME = "Andrey Momot";
				TargetAttributes = {
					6326A5C31FBC864D00487122 = {
						CreatedOnToolsVersion = 9.1;
						ProvisioningStyle = Automatic;
					};
				};
			};
			buildConfigurationList = 6326A5BF1FBC864D00487122 /* Build configuration list for PBXProject "PlaceObject" */;
			compatibilityVersion = "Xcode 8.0";
			developmentRegion = en;
			hasScannedForEncodings = 0;
			knownRegions = (
				en,
				Base,
			);
			mainGroup = 6326A5BB1FBC864D00487122;
			productRefGroup = 6326A5C51FBC864D00487122 /* Products */;
			projectDirPath = "";
			projectRoot = "";
			targets = (
				6326A5C31FBC864D00487122 /* PlaceObject */,
			);
		};
/* End PBXProject section */

/* Begin PBXResourcesBuildPhase section */
		6326A5C21FBC864D00487122 /* Resources */ = {
			isa = PBXResourcesBuildPhase;
			buildActionMask = 2147483647;
			files = (
				6328DAA31FCC4B73009A4D42 /* SettingsView.xib in Resources */,
				6328DAB61FCC7171009A4D42 /* TutorialTableViewCell.xib in Resources */,
				63DFCCF11FCD705300882179 /* crosshair_yellow.png in Resources */,
				63DFCCF01FCD705300882179 /* crosshair_blue.png in Resources */,
				6326A5ED1FBC870300487122 /* CameraView.xib in Resources */,
				63DFCCEF1FCD705300882179 /* plane_grid.png in Resources */,
				6326A5D21FBC864D00487122 /* LaunchScreen.storyboard in Resources */,
				6328DABD1FCC7171009A4D42 /* TutorialView.xib in Resources */,
				6326A5CF1FBC864D00487122 /* Assets.xcassets in Resources */,
			);
			runOnlyForDeploymentPostprocessing = 0;
		};
/* End PBXResourcesBuildPhase section */

/* Begin PBXSourcesBuildPhase section */
		6326A5C01FBC864D00487122 /* Sources */ = {
			isa = PBXSourcesBuildPhase;
			buildActionMask = 2147483647;
			files = (
				6328DABA1FCC7171009A4D42 /* TutorialRouter.swift in Sources */,
				6326A5FE1FBC877100487122 /* Cylinder.swift in Sources */,
				6326A5E81FBC870300487122 /* CameraBuilder.swift in Sources */,
				6326A5FB1FBC877100487122 /* Tube.swift in Sources */,
				6326A5EC1FBC870300487122 /* CameraView.swift in Sources */,
				6328DAB51FCC7171009A4D42 /* TutorialTableViewCell.swift in Sources */,
				6326A5FF1FBC877100487122 /* Geosphere.swift in Sources */,
				632C79321FD043C0000E7D07 /* SCNVector3+Common.swift in Sources */,
				632C79361FD04461000E7D07 /* ARSCNView+Common.swift in Sources */,
				6326A6001FBC877100487122 /* Sphere.swift in Sources */,
				6326A6091FBC880600487122 /* HitTestVisualization.swift in Sources */,
				632C79341FD043E5000E7D07 /* SCNMaterial+Common.swift in Sources */,
				6326A60A1FBC880600487122 /* Gesture.swift in Sources */,
				6328DABB1FCC7171009A4D42 /* TutorialViewController.swift in Sources */,
				6328DAA41FCC4B73009A4D42 /* SettingsRouter.swift in Sources */,
				6328DAA51FCC4B73009A4D42 /* SettingsModel.swift in Sources */,
				6326A6021FBC877100487122 /* Capsule.swift in Sources */,
				6328DAB81FCC7171009A4D42 /* TutorialBuilder.swift in Sources */,
				6328DAA01FCC4B73009A4D42 /* SettingsBuilder.swift in Sources */,
				6326A5F91FBC877100487122 /* Cone.swift in Sources */,
				6326A5C81FBC864D00487122 /* AppDelegate.swift in Sources */,
				6326A5FC1FBC877100487122 /* VirtualObject.swift in Sources */,
				6328DAA21FCC4B73009A4D42 /* SettingsView.swift in Sources */,
				6328DAB71FCC7171009A4D42 /* TutorialDataSource.swift in Sources */,
				6326A5E91FBC870300487122 /* CameraModel.swift in Sources */,
				6326A5EA1FBC870300487122 /* CameraRouter.swift in Sources */,
				6326A5FD1FBC877100487122 /* Cube.swift in Sources */,
				6328DAB91FCC7171009A4D42 /* TutorialModel.swift in Sources */,
				6326A5FA1FBC877100487122 /* Torus.swift in Sources */,
				6328DAA11FCC4B73009A4D42 /* SettingsViewController.swift in Sources */,
				632C79381FD044B9000E7D07 /* CGPoint+Common.swift in Sources */,
				6326A5DC1FBC869E00487122 /* MVCViewController.swift in Sources */,
				6328DABC1FCC7171009A4D42 /* TutorialView.swift in Sources */,
				6326A6011FBC877100487122 /* Pyramid.swift in Sources */,
				6326A5EB1FBC870300487122 /* CameraViewController.swift in Sources */,
				632C792E1FD041DA000E7D07 /* Collections+Common.swift in Sources */,
				632C79301FD0439F000E7D07 /* SCNNode+Common.swift in Sources */,
				635A8F401FC83B9800E81978 /* AddObjectViewController.swift in Sources */,
				632C792C1FD041B5000E7D07 /* UserDefaults+Common.swift in Sources */,
			);
			runOnlyForDeploymentPostprocessing = 0;
		};
/* End PBXSourcesBuildPhase section */

/* Begin PBXVariantGroup section */
		6326A5D01FBC864D00487122 /* LaunchScreen.storyboard */ = {
			isa = PBXVariantGroup;
			children = (
				6326A5D11FBC864D00487122 /* Base */,
			);
			name = LaunchScreen.storyboard;
			sourceTree = "<group>";
		};
/* End PBXVariantGroup section */

/* Begin XCBuildConfiguration section */
		6326A5D41FBC864D00487122 /* Debug */ = {
			isa = XCBuildConfiguration;
			buildSettings = {
				ALWAYS_SEARCH_USER_PATHS = NO;
				CLANG_ANALYZER_NONNULL = YES;
				CLANG_ANALYZER_NUMBER_OBJECT_CONVERSION = YES_AGGRESSIVE;
				CLANG_CXX_LANGUAGE_STANDARD = "gnu++14";
				CLANG_CXX_LIBRARY = "libc++";
				CLANG_ENABLE_MODULES = YES;
				CLANG_ENABLE_OBJC_ARC = YES;
				CLANG_WARN_BLOCK_CAPTURE_AUTORELEASING = YES;
				CLANG_WARN_BOOL_CONVERSION = YES;
				CLANG_WARN_COMMA = YES;
				CLANG_WARN_CONSTANT_CONVERSION = YES;
				CLANG_WARN_DIRECT_OBJC_ISA_USAGE = YES_ERROR;
				CLANG_WARN_DOCUMENTATION_COMMENTS = YES;
				CLANG_WARN_EMPTY_BODY = YES;
				CLANG_WARN_ENUM_CONVERSION = YES;
				CLANG_WARN_INFINITE_RECURSION = YES;
				CLANG_WARN_INT_CONVERSION = YES;
				CLANG_WARN_NON_LITERAL_NULL_CONVERSION = YES;
				CLANG_WARN_OBJC_LITERAL_CONVERSION = YES;
				CLANG_WARN_OBJC_ROOT_CLASS = YES_ERROR;
				CLANG_WARN_RANGE_LOOP_ANALYSIS = YES;
				CLANG_WARN_STRICT_PROTOTYPES = YES;
				CLANG_WARN_SUSPICIOUS_MOVE = YES;
				CLANG_WARN_UNGUARDED_AVAILABILITY = YES_AGGRESSIVE;
				CLANG_WARN_UNREACHABLE_CODE = YES;
				CLANG_WARN__DUPLICATE_METHOD_MATCH = YES;
				CODE_SIGN_IDENTITY = "iPhone Developer";
				COPY_PHASE_STRIP = NO;
				DEBUG_INFORMATION_FORMAT = dwarf;
				ENABLE_STRICT_OBJC_MSGSEND = YES;
				ENABLE_TESTABILITY = YES;
				GCC_C_LANGUAGE_STANDARD = gnu11;
				GCC_DYNAMIC_NO_PIC = NO;
				GCC_NO_COMMON_BLOCKS = YES;
				GCC_OPTIMIZATION_LEVEL = 0;
				GCC_PREPROCESSOR_DEFINITIONS = (
					"DEBUG=1",
					"$(inherited)",
				);
				GCC_WARN_64_TO_32_BIT_CONVERSION = YES;
				GCC_WARN_ABOUT_RETURN_TYPE = YES_ERROR;
				GCC_WARN_UNDECLARED_SELECTOR = YES;
				GCC_WARN_UNINITIALIZED_AUTOS = YES_AGGRESSIVE;
				GCC_WARN_UNUSED_FUNCTION = YES;
				GCC_WARN_UNUSED_VARIABLE = YES;
				IPHONEOS_DEPLOYMENT_TARGET = 11.1;
				MTL_ENABLE_DEBUG_INFO = YES;
				ONLY_ACTIVE_ARCH = YES;
				SDKROOT = iphoneos;
				SWIFT_ACTIVE_COMPILATION_CONDITIONS = DEBUG;
				SWIFT_OPTIMIZATION_LEVEL = "-Onone";
			};
			name = Debug;
		};
		6326A5D51FBC864D00487122 /* Release */ = {
			isa = XCBuildConfiguration;
			buildSettings = {
				ALWAYS_SEARCH_USER_PATHS = NO;
				CLANG_ANALYZER_NONNULL = YES;
				CLANG_ANALYZER_NUMBER_OBJECT_CONVERSION = YES_AGGRESSIVE;
				CLANG_CXX_LANGUAGE_STANDARD = "gnu++14";
				CLANG_CXX_LIBRARY = "libc++";
				CLANG_ENABLE_MODULES = YES;
				CLANG_ENABLE_OBJC_ARC = YES;
				CLANG_WARN_BLOCK_CAPTURE_AUTORELEASING = YES;
				CLANG_WARN_BOOL_CONVERSION = YES;
				CLANG_WARN_COMMA = YES;
				CLANG_WARN_CONSTANT_CONVERSION = YES;
				CLANG_WARN_DIRECT_OBJC_ISA_USAGE = YES_ERROR;
				CLANG_WARN_DOCUMENTATION_COMMENTS = YES;
				CLANG_WARN_EMPTY_BODY = YES;
				CLANG_WARN_ENUM_CONVERSION = YES;
				CLANG_WARN_INFINITE_RECURSION = YES;
				CLANG_WARN_INT_CONVERSION = YES;
				CLANG_WARN_NON_LITERAL_NULL_CONVERSION = YES;
				CLANG_WARN_OBJC_LITERAL_CONVERSION = YES;
				CLANG_WARN_OBJC_ROOT_CLASS = YES_ERROR;
				CLANG_WARN_RANGE_LOOP_ANALYSIS = YES;
				CLANG_WARN_STRICT_PROTOTYPES = YES;
				CLANG_WARN_SUSPICIOUS_MOVE = YES;
				CLANG_WARN_UNGUARDED_AVAILABILITY = YES_AGGRESSIVE;
				CLANG_WARN_UNREACHABLE_CODE = YES;
				CLANG_WARN__DUPLICATE_METHOD_MATCH = YES;
				CODE_SIGN_IDENTITY = "iPhone Developer";
				COPY_PHASE_STRIP = NO;
				DEBUG_INFORMATION_FORMAT = "dwarf-with-dsym";
				ENABLE_NS_ASSERTIONS = NO;
				ENABLE_STRICT_OBJC_MSGSEND = YES;
				GCC_C_LANGUAGE_STANDARD = gnu11;
				GCC_NO_COMMON_BLOCKS = YES;
				GCC_WARN_64_TO_32_BIT_CONVERSION = YES;
				GCC_WARN_ABOUT_RETURN_TYPE = YES_ERROR;
				GCC_WARN_UNDECLARED_SELECTOR = YES;
				GCC_WARN_UNINITIALIZED_AUTOS = YES_AGGRESSIVE;
				GCC_WARN_UNUSED_FUNCTION = YES;
				GCC_WARN_UNUSED_VARIABLE = YES;
				IPHONEOS_DEPLOYMENT_TARGET = 11.1;
				MTL_ENABLE_DEBUG_INFO = NO;
				SDKROOT = iphoneos;
				SWIFT_OPTIMIZATION_LEVEL = "-Owholemodule";
				VALIDATE_PRODUCT = YES;
			};
			name = Release;
		};
		6326A5D71FBC864D00487122 /* Debug */ = {
			isa = XCBuildConfiguration;
			buildSettings = {
				ASSETCATALOG_COMPILER_APPICON_NAME = AppIcon;
				CODE_SIGN_STYLE = Automatic;
				DEVELOPMENT_TEAM = RB2CCW5865;
				INFOPLIST_FILE = PlaceObject/Info.plist;
				LD_RUNPATH_SEARCH_PATHS = "$(inherited) @executable_path/Frameworks";
				PRODUCT_BUNDLE_IDENTIFIER = com.dbbest.PlaceObject;
				PRODUCT_NAME = "$(TARGET_NAME)";
				SWIFT_VERSION = 3.0;
				TARGETED_DEVICE_FAMILY = "1,2";
			};
			name = Debug;
		};
		6326A5D81FBC864D00487122 /* Release */ = {
			isa = XCBuildConfiguration;
			buildSettings = {
				ASSETCATALOG_COMPILER_APPICON_NAME = AppIcon;
				CODE_SIGN_STYLE = Automatic;
				DEVELOPMENT_TEAM = RB2CCW5865;
				INFOPLIST_FILE = PlaceObject/Info.plist;
				LD_RUNPATH_SEARCH_PATHS = "$(inherited) @executable_path/Frameworks";
				PRODUCT_BUNDLE_IDENTIFIER = com.dbbest.PlaceObject;
				PRODUCT_NAME = "$(TARGET_NAME)";
				SWIFT_VERSION = 3.0;
				TARGETED_DEVICE_FAMILY = "1,2";
			};
			name = Release;
		};
/* End XCBuildConfiguration section */

/* Begin XCConfigurationList section */
		6326A5BF1FBC864D00487122 /* Build configuration list for PBXProject "PlaceObject" */ = {
			isa = XCConfigurationList;
			buildConfigurations = (
				6326A5D41FBC864D00487122 /* Debug */,
				6326A5D51FBC864D00487122 /* Release */,
			);
			defaultConfigurationIsVisible = 0;
			defaultConfigurationName = Release;
		};
		6326A5D61FBC864D00487122 /* Build configuration list for PBXNativeTarget "PlaceObject" */ = {
			isa = XCConfigurationList;
			buildConfigurations = (
				6326A5D71FBC864D00487122 /* Debug */,
				6326A5D81FBC864D00487122 /* Release */,
			);
			defaultConfigurationIsVisible = 0;
			defaultConfigurationName = Release;
		};
/* End XCConfigurationList section */
	};
	rootObject = 6326A5BC1FBC864D00487122 /* Project object */;
}
